
Microsoft Visual Studio Solution File, Format Version 12.00
# Visual Studio Version 16
VisualStudioVersion = 25.0.1704.0
MinimumVisualStudioVersion = 10.0.40219.1
Project("{FAE04EC0-301F-11D3-BF4B-00C04F79EFBC}") = "Kaizen.Case1", "Kaizen.Case1\Kaizen.Case1.csproj", "{36F30547-C570-45D8-BC90-C8A9C262EC73}"
EndProject
Project("{FAE04EC0-301F-11D3-BF4B-00C04F79EFBC}") = "Kaizen.Case3", "Kaizen.Case3\Kaizen.Case3.csproj", "{A1646C6B-37CB-4C4A-A4D4-A5D0D92F6822}"
EndProject
Global
	GlobalSection(SolutionConfigurationPlatforms) = preSolution
		Debug|Any CPU = Debug|Any CPU
		Release|Any CPU = Release|Any CPU
	EndGlobalSection
	GlobalSection(ProjectConfigurationPlatforms) = postSolution
		{36F30547-C570-45D8-BC90-C8A9C262EC73}.Debug|Any CPU.ActiveCfg = Debug|Any CPU
		{36F30547-C570-45D8-BC90-C8A9C262EC73}.Debug|Any CPU.Build.0 = Debug|Any CPU
		{36F30547-C570-45D8-BC90-C8A9C262EC73}.Release|Any CPU.ActiveCfg = Release|Any CPU
		{36F30547-C570-45D8-BC90-C8A9C262EC73}.Release|Any CPU.Build.0 = Release|Any CPU
		{A1646C6B-37CB-4C4A-A4D4-A5D0D92F6822}.Debug|Any CPU.ActiveCfg = Debug|Any CPU
		{A1646C6B-37CB-4C4A-A4D4-A5D0D92F6822}.Debug|Any CPU.Build.0 = Debug|Any CPU
		{A1646C6B-37CB-4C4A-A4D4-A5D0D92F6822}.Release|Any CPU.ActiveCfg = Release|Any CPU
		{A1646C6B-37CB-4C4A-A4D4-A5D0D92F6822}.Release|Any CPU.Build.0 = Release|Any CPU
	EndGlobalSection
	GlobalSection(SolutionProperties) = preSolution
		HideSolutionNode = FALSE
	EndGlobalSection
	GlobalSection(ExtensibilityGlobals) = postSolution
		SolutionGuid = {E1BACF75-9DFB-4E1E-B99F-38D30E3BDA91}
	EndGlobalSection
EndGlobal
